
Microsoft Visual Studio Solution File, Format Version 12.00
# Visual Studio Version 17
VisualStudioVersion = 17.13.35931.197
MinimumVisualStudioVersion = 10.0.40219.1
Project("{FAE04EC0-301F-11D3-BF4B-00C04F79EFBC}") = "easysave", "easysave\easysave.csproj", "{6BC033B9-4A8F-40B1-B2FC-B0412F04CC2B}"
EndProject
Project("{54435603-DBB4-11D2-8724-00A0C9A8B90C}") = "EasySaveSetup", "EasySaveSetup\EasySaveSetup.vdproj", "{F4E4916D-DCE1-5A3E-F471-E55A5C5FE3EF}"
EndProject
Global
	GlobalSection(SolutionConfigurationPlatforms) = preSolution
		Debug|Any CPU = Debug|Any CPU
		Release|Any CPU = Release|Any CPU
	EndGlobalSection
	GlobalSection(ProjectConfigurationPlatforms) = postSolution
		{6BC033B9-4A8F-40B1-B2FC-B0412F04CC2B}.Debug|Any CPU.ActiveCfg = Debug|Any CPU
		{6BC033B9-4A8F-40B1-B2FC-B0412F04CC2B}.Debug|Any CPU.Build.0 = Debug|Any CPU
		{6BC033B9-4A8F-40B1-B2FC-B0412F04CC2B}.Release|Any CPU.ActiveCfg = Release|Any CPU
		{6BC033B9-4A8F-40B1-B2FC-B0412F04CC2B}.Release|Any CPU.Build.0 = Release|Any CPU
		{F4E4916D-DCE1-5A3E-F471-E55A5C5FE3EF}.Debug|Any CPU.ActiveCfg = Debug
		{F4E4916D-DCE1-5A3E-F471-E55A5C5FE3EF}.Release|Any CPU.ActiveCfg = Release
	EndGlobalSection
	GlobalSection(SolutionProperties) = preSolution
		HideSolutionNode = FALSE
	EndGlobalSection
	GlobalSection(ExtensibilityGlobals) = postSolution
		SolutionGuid = {3E60AF8C-69FA-404C-99C4-7F803A796C32}
	EndGlobalSection
EndGlobal
